
Microsoft Visual Studio Solution File, Format Version 12.00
Project("{2150E333-8FDC-42A3-9474-1A3956D46DE8}") = "src", "src", "{18631DA2-704A-4A33-8411-CCB435B294F5}"
EndProject
Project("{2150E333-8FDC-42A3-9474-1A3956D46DE8}") = "test", "test", "{4D331FCA-CE07-4A20-A850-6559A310B24D}"
EndProject
Project("{2150E333-8FDC-42A3-9474-1A3956D46DE8}") = "Data", "Data", "{5783A989-418E-434A-902C-8373A3AF481F}"
EndProject
Project("{FAE04EC0-301F-11D3-BF4B-00C04F79EFBC}") = "Ecommerce.Data", "src\Ecommerce.Data\Ecommerce.Data.csproj", "{7C52D900-CE7F-4B2D-8446-F9DE55BD40DF}"
EndProject
Project("{FAE04EC0-301F-11D3-BF4B-00C04F79EFBC}") = "Ecommerce.Entity", "src\Ecommerce.Entity\Ecommerce.Entity.csproj", "{0F61D221-BAEC-4E2E-A7F3-1C9150BA3A42}"
EndProject
Project("{2150E333-8FDC-42A3-9474-1A3956D46DE8}") = "Core", "Core", "{763DBDF2-8A07-4C17-8A08-6F3280FEF586}"
EndProject
Project("{FAE04EC0-301F-11D3-BF4B-00C04F79EFBC}") = "Ecommerce.Repository", "src\Ecommerce.Repository\Ecommerce.Repository.csproj", "{E15E2BE3-2B8F-4F8F-90A2-22ED17D8F200}"
EndProject
Project("{FAE04EC0-301F-11D3-BF4B-00C04F79EFBC}") = "Ecommerce.UnitOfWork", "src\Ecommerce.UnitOfWork\Ecommerce.UnitOfWork.csproj", "{D017357C-26BF-4B4B-973D-BA2FE2B8EA50}"
EndProject
Project("{FAE04EC0-301F-11D3-BF4B-00C04F79EFBC}") = "Ecommerce.Service", "src\Ecommerce.Service\Ecommerce.Service.csproj", "{B0FDD99B-D9AF-4EA9-B52D-85F62E0FC2A1}"
EndProject
Project("{FAE04EC0-301F-11D3-BF4B-00C04F79EFBC}") = "Ecommerce.Dto", "src\Ecommerce.Dto\Ecommerce.Dto.csproj", "{187A2213-5CC7-46B6-9C57-F27230F639A0}"
EndProject
Project("{2150E333-8FDC-42A3-9474-1A3956D46DE8}") = "UI", "UI", "{C50E25E1-BAD0-484A-BBFE-23684EE8373D}"
EndProject
Project("{FAE04EC0-301F-11D3-BF4B-00C04F79EFBC}") = "Ecommerce.Api", "src\Ecommerce.Api\Ecommerce.Api.csproj", "{70B3B0A1-E3A4-45F6-9809-ABF398C679A7}"
EndProject
Project("{FAE04EC0-301F-11D3-BF4B-00C04F79EFBC}") = "Ecommerce.Api.Tests", "test\Ecommerce.Api.Tests\Ecommerce.Api.Tests.csproj", "{C1337358-FF5A-491A-88F4-1E9212A842D4}"
EndProject
Project("{FAE04EC0-301F-11D3-BF4B-00C04F79EFBC}") = "Ecommerce.Api.IntegrationTests", "test\Ecommerce.Api.IntegrationTests\Ecommerce.Api.IntegrationTests.csproj", "{1F3FC63A-0CE8-4E17-B5B4-C3001CEEF99E}"
EndProject
Global
	GlobalSection(SolutionConfigurationPlatforms) = preSolution
		Debug|Any CPU = Debug|Any CPU
		Release|Any CPU = Release|Any CPU
	EndGlobalSection
	GlobalSection(NestedProjects) = preSolution
		{5783A989-418E-434A-902C-8373A3AF481F} = {18631DA2-704A-4A33-8411-CCB435B294F5}
		{7C52D900-CE7F-4B2D-8446-F9DE55BD40DF} = {5783A989-418E-434A-902C-8373A3AF481F}
		{0F61D221-BAEC-4E2E-A7F3-1C9150BA3A42} = {5783A989-418E-434A-902C-8373A3AF481F}
		{763DBDF2-8A07-4C17-8A08-6F3280FEF586} = {18631DA2-704A-4A33-8411-CCB435B294F5}
		{E15E2BE3-2B8F-4F8F-90A2-22ED17D8F200} = {763DBDF2-8A07-4C17-8A08-6F3280FEF586}
		{D017357C-26BF-4B4B-973D-BA2FE2B8EA50} = {763DBDF2-8A07-4C17-8A08-6F3280FEF586}
		{B0FDD99B-D9AF-4EA9-B52D-85F62E0FC2A1} = {763DBDF2-8A07-4C17-8A08-6F3280FEF586}
		{187A2213-5CC7-46B6-9C57-F27230F639A0} = {763DBDF2-8A07-4C17-8A08-6F3280FEF586}
		{C50E25E1-BAD0-484A-BBFE-23684EE8373D} = {18631DA2-704A-4A33-8411-CCB435B294F5}
		{70B3B0A1-E3A4-45F6-9809-ABF398C679A7} = {C50E25E1-BAD0-484A-BBFE-23684EE8373D}
		{C1337358-FF5A-491A-88F4-1E9212A842D4} = {4D331FCA-CE07-4A20-A850-6559A310B24D}
		{1F3FC63A-0CE8-4E17-B5B4-C3001CEEF99E} = {4D331FCA-CE07-4A20-A850-6559A310B24D}
	EndGlobalSection
	GlobalSection(ProjectConfigurationPlatforms) = postSolution
		{7C52D900-CE7F-4B2D-8446-F9DE55BD40DF}.Debug|Any CPU.ActiveCfg = Debug|Any CPU
		{7C52D900-CE7F-4B2D-8446-F9DE55BD40DF}.Debug|Any CPU.Build.0 = Debug|Any CPU
		{7C52D900-CE7F-4B2D-8446-F9DE55BD40DF}.Release|Any CPU.ActiveCfg = Release|Any CPU
		{7C52D900-CE7F-4B2D-8446-F9DE55BD40DF}.Release|Any CPU.Build.0 = Release|Any CPU
		{0F61D221-BAEC-4E2E-A7F3-1C9150BA3A42}.Debug|Any CPU.ActiveCfg = Debug|Any CPU
		{0F61D221-BAEC-4E2E-A7F3-1C9150BA3A42}.Debug|Any CPU.Build.0 = Debug|Any CPU
		{0F61D221-BAEC-4E2E-A7F3-1C9150BA3A42}.Release|Any CPU.ActiveCfg = Release|Any CPU
		{0F61D221-BAEC-4E2E-A7F3-1C9150BA3A42}.Release|Any CPU.Build.0 = Release|Any CPU
		{E15E2BE3-2B8F-4F8F-90A2-22ED17D8F200}.Debug|Any CPU.ActiveCfg = Debug|Any CPU
		{E15E2BE3-2B8F-4F8F-90A2-22ED17D8F200}.Debug|Any CPU.Build.0 = Debug|Any CPU
		{E15E2BE3-2B8F-4F8F-90A2-22ED17D8F200}.Release|Any CPU.ActiveCfg = Release|Any CPU
		{E15E2BE3-2B8F-4F8F-90A2-22ED17D8F200}.Release|Any CPU.Build.0 = Release|Any CPU
		{D017357C-26BF-4B4B-973D-BA2FE2B8EA50}.Debug|Any CPU.ActiveCfg = Debug|Any CPU
		{D017357C-26BF-4B4B-973D-BA2FE2B8EA50}.Debug|Any CPU.Build.0 = Debug|Any CPU
		{D017357C-26BF-4B4B-973D-BA2FE2B8EA50}.Release|Any CPU.ActiveCfg = Release|Any CPU
		{D017357C-26BF-4B4B-973D-BA2FE2B8EA50}.Release|Any CPU.Build.0 = Release|Any CPU
		{B0FDD99B-D9AF-4EA9-B52D-85F62E0FC2A1}.Debug|Any CPU.ActiveCfg = Debug|Any CPU
		{B0FDD99B-D9AF-4EA9-B52D-85F62E0FC2A1}.Debug|Any CPU.Build.0 = Debug|Any CPU
		{B0FDD99B-D9AF-4EA9-B52D-85F62E0FC2A1}.Release|Any CPU.ActiveCfg = Release|Any CPU
		{B0FDD99B-D9AF-4EA9-B52D-85F62E0FC2A1}.Release|Any CPU.Build.0 = Release|Any CPU
		{187A2213-5CC7-46B6-9C57-F27230F639A0}.Debug|Any CPU.ActiveCfg = Debug|Any CPU
		{187A2213-5CC7-46B6-9C57-F27230F639A0}.Debug|Any CPU.Build.0 = Debug|Any CPU
		{187A2213-5CC7-46B6-9C57-F27230F639A0}.Release|Any CPU.ActiveCfg = Release|Any CPU
		{187A2213-5CC7-46B6-9C57-F27230F639A0}.Release|Any CPU.Build.0 = Release|Any CPU
		{70B3B0A1-E3A4-45F6-9809-ABF398C679A7}.Debug|Any CPU.ActiveCfg = Debug|Any CPU
		{70B3B0A1-E3A4-45F6-9809-ABF398C679A7}.Debug|Any CPU.Build.0 = Debug|Any CPU
		{70B3B0A1-E3A4-45F6-9809-ABF398C679A7}.Release|Any CPU.ActiveCfg = Release|Any CPU
		{70B3B0A1-E3A4-45F6-9809-ABF398C679A7}.Release|Any CPU.Build.0 = Release|Any CPU
		{C1337358-FF5A-491A-88F4-1E9212A842D4}.Debug|Any CPU.ActiveCfg = Debug|Any CPU
		{C1337358-FF5A-491A-88F4-1E9212A842D4}.Debug|Any CPU.Build.0 = Debug|Any CPU
		{C1337358-FF5A-491A-88F4-1E9212A842D4}.Release|Any CPU.ActiveCfg = Release|Any CPU
		{C1337358-FF5A-491A-88F4-1E9212A842D4}.Release|Any CPU.Build.0 = Release|Any CPU
		{1F3FC63A-0CE8-4E17-B5B4-C3001CEEF99E}.Debug|Any CPU.ActiveCfg = Debug|Any CPU
		{1F3FC63A-0CE8-4E17-B5B4-C3001CEEF99E}.Debug|Any CPU.Build.0 = Debug|Any CPU
		{1F3FC63A-0CE8-4E17-B5B4-C3001CEEF99E}.Release|Any CPU.ActiveCfg = Release|Any CPU
		{1F3FC63A-0CE8-4E17-B5B4-C3001CEEF99E}.Release|Any CPU.Build.0 = Release|Any CPU
	EndGlobalSection
EndGlobal
